
Microsoft Visual Studio Solution File, Format Version 12.00
# Visual Studio Version 16
VisualStudioVersion = 16.0.29215.179
MinimumVisualStudioVersion = 10.0.40219.1
Project("{FAE04EC0-301F-11D3-BF4B-00C04F79EFBC}") = "RSSNewsReader", "RSSNewsReader\RSSNewsReader.csproj", "{0F339DD7-CD08-4778-90A2-A6805CE473C1}"
EndProject
Project("{FAE04EC0-301F-11D3-BF4B-00C04F79EFBC}") = "Podcatcher", "Podcatcher\Podcatcher.csproj", "{9B1370FB-8BA4-4481-B195-FD526DE583E8}"
EndProject
Project("{FAE04EC0-301F-11D3-BF4B-00C04F79EFBC}") = "RSSCommon", "RSSCommon\RSSCommon.csproj", "{E0724CB6-FCB6-43BB-AA34-EB837DC8474F}"
EndProject
Global
	GlobalSection(SolutionConfigurationPlatforms) = preSolution
		Debug|Any CPU = Debug|Any CPU
		Debug|ARM = Debug|ARM
		Debug|ARM64 = Debug|ARM64
		Debug|x64 = Debug|x64
		Debug|x86 = Debug|x86
		Release|Any CPU = Release|Any CPU
		Release|ARM = Release|ARM
		Release|ARM64 = Release|ARM64
		Release|x64 = Release|x64
		Release|x86 = Release|x86
	EndGlobalSection
	GlobalSection(ProjectConfigurationPlatforms) = postSolution
		{0F339DD7-CD08-4778-90A2-A6805CE473C1}.Debug|Any CPU.ActiveCfg = Debug|x86
		{0F339DD7-CD08-4778-90A2-A6805CE473C1}.Debug|ARM.ActiveCfg = Debug|x86
		{0F339DD7-CD08-4778-90A2-A6805CE473C1}.Debug|ARM64.ActiveCfg = Debug|x86
		{0F339DD7-CD08-4778-90A2-A6805CE473C1}.Debug|x64.ActiveCfg = Debug|x86
		{0F339DD7-CD08-4778-90A2-A6805CE473C1}.Debug|x86.ActiveCfg = Debug|x86
		{0F339DD7-CD08-4778-90A2-A6805CE473C1}.Debug|x86.Build.0 = Debug|x86
		{0F339DD7-CD08-4778-90A2-A6805CE473C1}.Release|Any CPU.ActiveCfg = Release|x86
		{0F339DD7-CD08-4778-90A2-A6805CE473C1}.Release|ARM.ActiveCfg = Release|x86
		{0F339DD7-CD08-4778-90A2-A6805CE473C1}.Release|ARM64.ActiveCfg = Release|x86
		{0F339DD7-CD08-4778-90A2-A6805CE473C1}.Release|x64.ActiveCfg = Release|x86
		{0F339DD7-CD08-4778-90A2-A6805CE473C1}.Release|x86.ActiveCfg = Release|x86
		{0F339DD7-CD08-4778-90A2-A6805CE473C1}.Release|x86.Build.0 = Release|x86
		{9B1370FB-8BA4-4481-B195-FD526DE583E8}.Debug|Any CPU.ActiveCfg = Debug|Any CPU
		{9B1370FB-8BA4-4481-B195-FD526DE583E8}.Debug|Any CPU.Build.0 = Debug|Any CPU
		{9B1370FB-8BA4-4481-B195-FD526DE583E8}.Debug|ARM.ActiveCfg = Debug|Any CPU
		{9B1370FB-8BA4-4481-B195-FD526DE583E8}.Debug|ARM64.ActiveCfg = Debug|Any CPU
		{9B1370FB-8BA4-4481-B195-FD526DE583E8}.Debug|x64.ActiveCfg = Debug|Any CPU
		{9B1370FB-8BA4-4481-B195-FD526DE583E8}.Debug|x86.ActiveCfg = Debug|Any CPU
		{9B1370FB-8BA4-4481-B195-FD526DE583E8}.Debug|x86.Build.0 = Debug|Any CPU
		{9B1370FB-8BA4-4481-B195-FD526DE583E8}.Release|Any CPU.ActiveCfg = Release|Any CPU
		{9B1370FB-8BA4-4481-B195-FD526DE583E8}.Release|Any CPU.Build.0 = Release|Any CPU
		{9B1370FB-8BA4-4481-B195-FD526DE583E8}.Release|ARM.ActiveCfg = Release|Any CPU
		{9B1370FB-8BA4-4481-B195-FD526DE583E8}.Release|ARM64.ActiveCfg = Release|Any CPU
		{9B1370FB-8BA4-4481-B195-FD526DE583E8}.Release|x64.ActiveCfg = Release|Any CPU
		{9B1370FB-8BA4-4481-B195-FD526DE583E8}.Release|x86.ActiveCfg = Release|Any CPU
		{9B1370FB-8BA4-4481-B195-FD526DE583E8}.Release|x86.Build.0 = Release|Any CPU
		{E0724CB6-FCB6-43BB-AA34-EB837DC8474F}.Debug|Any CPU.ActiveCfg = Debug|Any CPU
		{E0724CB6-FCB6-43BB-AA34-EB837DC8474F}.Debug|Any CPU.Build.0 = Debug|Any CPU
		{E0724CB6-FCB6-43BB-AA34-EB837DC8474F}.Debug|ARM.ActiveCfg = Debug|Any CPU
		{E0724CB6-FCB6-43BB-AA34-EB837DC8474F}.Debug|ARM.Build.0 = Debug|Any CPU
		{E0724CB6-FCB6-43BB-AA34-EB837DC8474F}.Debug|ARM64.ActiveCfg = Debug|Any CPU
		{E0724CB6-FCB6-43BB-AA34-EB837DC8474F}.Debug|ARM64.Build.0 = Debug|Any CPU
		{E0724CB6-FCB6-43BB-AA34-EB837DC8474F}.Debug|x64.ActiveCfg = Debug|Any CPU
		{E0724CB6-FCB6-43BB-AA34-EB837DC8474F}.Debug|x64.Build.0 = Debug|Any CPU
		{E0724CB6-FCB6-43BB-AA34-EB837DC8474F}.Debug|x86.ActiveCfg = Debug|Any CPU
		{E0724CB6-FCB6-43BB-AA34-EB837DC8474F}.Debug|x86.Build.0 = Debug|Any CPU
		{E0724CB6-FCB6-43BB-AA34-EB837DC8474F}.Release|Any CPU.ActiveCfg = Release|Any CPU
		{E0724CB6-FCB6-43BB-AA34-EB837DC8474F}.Release|Any CPU.Build.0 = Release|Any CPU
		{E0724CB6-FCB6-43BB-AA34-EB837DC8474F}.Release|ARM.ActiveCfg = Release|Any CPU
		{E0724CB6-FCB6-43BB-AA34-EB837DC8474F}.Release|ARM.Build.0 = Release|Any CPU
		{E0724CB6-FCB6-43BB-AA34-EB837DC8474F}.Release|ARM64.ActiveCfg = Release|Any CPU
		{E0724CB6-FCB6-43BB-AA34-EB837DC8474F}.Release|ARM64.Build.0 = Release|Any CPU
		{E0724CB6-FCB6-43BB-AA34-EB837DC8474F}.Release|x64.ActiveCfg = Release|Any CPU
		{E0724CB6-FCB6-43BB-AA34-EB837DC8474F}.Release|x64.Build.0 = Release|Any CPU
		{E0724CB6-FCB6-43BB-AA34-EB837DC8474F}.Release|x86.ActiveCfg = Release|Any CPU
		{E0724CB6-FCB6-43BB-AA34-EB837DC8474F}.Release|x86.Build.0 = Release|Any CPU
	EndGlobalSection
	GlobalSection(SolutionProperties) = preSolution
		HideSolutionNode = FALSE
	EndGlobalSection
	GlobalSection(ExtensibilityGlobals) = postSolution
		SolutionGuid = {17B65200-068A-412E-921F-9FC0069C2B15}
	EndGlobalSection
EndGlobal
